lockfileVersion: '9.0'

settings:
  autoInstallPeers: true
  excludeLinksFromLockfile: false

importers:

  .: {}

  first-package:
    dependencies:
      '@ionic/core':
        specifier: ^8.7.7
        version: 8.7.7
    devDependencies:
      '@stencil/core':
        specifier: ^4.38.2
        version: 4.38.2
      ionicons:
        specifier: ^8.0.13
        version: 8.0.13
      second-package:
        specifier: workspace:*
        version: link:../second-package

  second-package:
    devDependencies:
      '@stencil/core':
        specifier: ^4.38.1
        version: 4.38.2

packages:

  '@ionic/core@8.7.7':
    resolution: {integrity: sha512-XMvVkiRiB9I1Jc63RqderjHzxxiyr6KM2vBDzYBQS6rk7Fb4wC/ZyUuFgnrYKk71r1mgwYTPMy/2qrCShNXgXQ==}

  '@rollup/rollup-darwin-arm64@4.34.9':
    resolution: {integrity: sha512-0CY3/K54slrzLDjOA7TOjN1NuLKERBgk9nY5V34mhmuu673YNb+7ghaDUs6N0ujXR7fz5XaS5Aa6d2TNxZd0OQ==}
    cpu: [arm64]
    os: [darwin]

  '@rollup/rollup-darwin-x64@4.34.9':
    resolution: {integrity: sha512-eOojSEAi/acnsJVYRxnMkPFqcxSMFfrw7r2iD9Q32SGkb/Q9FpUY1UlAu1DH9T7j++gZ0lHjnm4OyH2vCI7l7Q==}
    cpu: [x64]
    os: [darwin]

  '@rollup/rollup-linux-arm64-gnu@4.34.9':
    resolution: {integrity: sha512-6TZjPHjKZUQKmVKMUowF3ewHxctrRR09eYyvT5eFv8w/fXarEra83A2mHTVJLA5xU91aCNOUnM+DWFMSbQ0Nxw==}
    cpu: [arm64]
    os: [linux]

  '@rollup/rollup-linux-arm64-musl@4.34.9':
    resolution: {integrity: sha512-LD2fytxZJZ6xzOKnMbIpgzFOuIKlxVOpiMAXawsAZ2mHBPEYOnLRK5TTEsID6z4eM23DuO88X0Tq1mErHMVq0A==}
    cpu: [arm64]
    os: [linux]

  '@rollup/rollup-linux-x64-gnu@4.34.9':
    resolution: {integrity: sha512-FwBHNSOjUTQLP4MG7y6rR6qbGw4MFeQnIBrMe161QGaQoBQLqSUEKlHIiVgF3g/mb3lxlxzJOpIBhaP+C+KP2A==}
    cpu: [x64]
    os: [linux]

  '@rollup/rollup-linux-x64-musl@4.34.9':
    resolution: {integrity: sha512-cYRpV4650z2I3/s6+5/LONkjIz8MBeqrk+vPXV10ORBnshpn8S32bPqQ2Utv39jCiDcO2eJTuSlPXpnvmaIgRA==}
    cpu: [x64]
    os: [linux]

  '@rollup/rollup-win32-arm64-msvc@4.34.9':
    resolution: {integrity: sha512-z4mQK9dAN6byRA/vsSgQiPeuO63wdiDxZ9yg9iyX2QTzKuQM7T4xlBoeUP/J8uiFkqxkcWndWi+W7bXdPbt27Q==}
    cpu: [arm64]
    os: [win32]

  '@rollup/rollup-win32-x64-msvc@4.34.9':
    resolution: {integrity: sha512-AyleYRPU7+rgkMWbEh71fQlrzRfeP6SyMnRf9XX4fCdDPAJumdSBqYEcWPMzVQ4ScAl7E4oFfK0GUVn77xSwbw==}
    cpu: [x64]
    os: [win32]

  '@stencil/core@4.38.0':
    resolution: {integrity: sha512-oC3QFKO0X1yXVvETgc8OLY525MNKhn9vISBrbtKnGoPlokJ6rI8Vk1RK22TevnNrHLI4SExNLbcDnqilKR35JQ==}
    engines: {node: '>=16.0.0', npm: '>=7.10.0'}
    hasBin: true

  '@stencil/core@4.38.2':
    resolution: {integrity: sha512-opyjA+DYAtaKmaSnuC8Bb/PH7nuO+1GhVn6amsN8XT+TlT9biptlcpz4YWETwYZ+XxtX+nLdxWbW0TVafrqsvQ==}
    engines: {node: '>=16.0.0', npm: '>=7.10.0'}
    hasBin: true

  ionicons@8.0.13:
    resolution: {integrity: sha512-2QQVyG2P4wszne79jemMjWYLp0DBbDhr4/yFroPCxvPP1wtMxgdIV3l5n+XZ5E9mgoXU79w7yTWpm2XzJsISxQ==}

  tslib@2.8.1:
    resolution: {integrity: sha512-oJFu94HQb+KVduSUQL7wnpmqnfmLsOA/nAh6b6EH0wCEoK0/mPeXU6c3wKDV83MkOuHPRHtSXKKU99IBazS/2w==}

snapshots:

  '@ionic/core@8.7.7':
    dependencies:
      '@stencil/core': 4.38.0
      ionicons: 8.0.13
      tslib: 2.8.1

  '@rollup/rollup-darwin-arm64@4.34.9':
    optional: true

  '@rollup/rollup-darwin-x64@4.34.9':
    optional: true

  '@rollup/rollup-linux-arm64-gnu@4.34.9':
    optional: true

  '@rollup/rollup-linux-arm64-musl@4.34.9':
    optional: true

  '@rollup/rollup-linux-x64-gnu@4.34.9':
    optional: true

  '@rollup/rollup-linux-x64-musl@4.34.9':
    optional: true

  '@rollup/rollup-win32-arm64-msvc@4.34.9':
    optional: true

  '@rollup/rollup-win32-x64-msvc@4.34.9':
    optional: true

  '@stencil/core@4.38.0':
    optionalDependencies:
      '@rollup/rollup-darwin-arm64': 4.34.9
      '@rollup/rollup-darwin-x64': 4.34.9
      '@rollup/rollup-linux-arm64-gnu': 4.34.9
      '@rollup/rollup-linux-arm64-musl': 4.34.9
      '@rollup/rollup-linux-x64-gnu': 4.34.9
      '@rollup/rollup-linux-x64-musl': 4.34.9
      '@rollup/rollup-win32-arm64-msvc': 4.34.9
      '@rollup/rollup-win32-x64-msvc': 4.34.9

  '@stencil/core@4.38.2':
    optionalDependencies:
      '@rollup/rollup-darwin-arm64': 4.34.9
      '@rollup/rollup-darwin-x64': 4.34.9
      '@rollup/rollup-linux-arm64-gnu': 4.34.9
      '@rollup/rollup-linux-arm64-musl': 4.34.9
      '@rollup/rollup-linux-x64-gnu': 4.34.9
      '@rollup/rollup-linux-x64-musl': 4.34.9
      '@rollup/rollup-win32-arm64-msvc': 4.34.9
      '@rollup/rollup-win32-x64-msvc': 4.34.9

  ionicons@8.0.13:
    dependencies:
      '@stencil/core': 4.38.2

  tslib@2.8.1: {}
